
Microsoft Visual Studio Solution File, Format Version 12.00
Project("{FAE04EC0-301F-11D3-BF4B-00C04F79EFBC}") = "DotnetCoreCorrelationIdSample", "DotnetCoreCorrelationIdSample\DotnetCoreCorrelationIdSample.csproj", "{A265AD82-964E-46B1-B914-871E79B3E6C8}"
EndProject
Global
	GlobalSection(SolutionConfigurationPlatforms) = preSolution
		Debug|Any CPU = Debug|Any CPU
		Release|Any CPU = Release|Any CPU
	EndGlobalSection
	GlobalSection(ProjectConfigurationPlatforms) = postSolution
		{A265AD82-964E-46B1-B914-871E79B3E6C8}.Debug|Any CPU.ActiveCfg = Debug|Any CPU
		{A265AD82-964E-46B1-B914-871E79B3E6C8}.Debug|Any CPU.Build.0 = Debug|Any CPU
		{A265AD82-964E-46B1-B914-871E79B3E6C8}.Release|Any CPU.ActiveCfg = Release|Any CPU
		{A265AD82-964E-46B1-B914-871E79B3E6C8}.Release|Any CPU.Build.0 = Release|Any CPU
	EndGlobalSection
EndGlobal
